// !$*UTF8*$!
{
	archiveVersion = 1;
	classes = {
	};
	objectVersion = 46;
	objects = {

/* Begin PBXBuildFile section */
		BC84FA0D1B47B9FA00831D26 /* main.m in Sources */ = {isa = PBXBuildFile; fileRef = BC84FA0C1B47B9FA00831D26 /* main.m */; };
		BC84FA101B47B9FB00831D26 /* AppDelegate.m in Sources */ = {isa = PBXBuildFile; fileRef = BC84FA0F1B47B9FB00831D26 /* AppDelegate.m */; };
		BC84FA131B47B9FB00831D26 /* ViewController.m in Sources */ = {isa = PBXBuildFile; fileRef = BC84FA121B47B9FB00831D26 /* ViewController.m */; };
		BC84FA161B47B9FB00831D26 /* Main.storyboard in Resources */ = {isa = PBXBuildFile; fileRef = BC84FA141B47B9FB00831D26 /* Main.storyboard */; };
		BC84FA181B47B9FB00831D26 /* Images.xcassets in Resources */ = {isa = PBXBuildFile; fileRef = BC84FA171B47B9FB00831D26 /* Images.xcassets */; };
		BC84FA1B1B47B9FB00831D26 /* LaunchScreen.xib in Resources */ = {isa = PBXBuildFile; fileRef = BC84FA191B47B9FB00831D26 /* LaunchScreen.xib */; };
		BC84FA271B47B9FD00831D26 /* UIViewContrllerTests.m in Sources */ = {isa = PBXBuildFile; fileRef = BC84FA261B47B9FD00831D26 /* UIViewContrllerTests.m */; };
/* End PBXBuildFile section */

/* Begin PBXContainerItemProxy section */
		BC84FA211B47B9FC00831D26 /* PBXContainerItemProxy */ = {
			isa = PBXContainerItemProxy;
			containerPortal = BC84F9FF1B47B9FA00831D26 /* Project object */;
			proxyType = 1;
			remoteGlobalIDString = BC84FA061B47B9FA00831D26;
			remoteInfo = UIViewContrller;
		};
/* End PBXContainerItemProxy section */

/* Begin PBXFileReference section */
		BC84FA071B47B9FA00831D26 /* UIViewContrller.app */ = {isa = PBXFileReference; explicitFileType = wrapper.application; includeInIndex = 0; path = UIViewContrller.app; sourceTree = BUILT_PRODUCTS_DIR; };
		BC84FA0B1B47B9FA00831D26 /* Info.plist */ = {isa = PBXFileReference; lastKnownFileType = text.plist.xml; path = Info.plist; sourceTree = "<group>"; };
		BC84FA0C1B47B9FA00831D26 /* main.m */ = {isa = PBXFileReference; lastKnownFileType = sourcecode.c.objc; path = main.m; sourceTree = "<group>"; };
		BC84FA0E1B47B9FA00831D26 /* AppDelegate.h */ = {isa = PBXFileReference; lastKnownFileType = sourcecode.c.h; path = AppDelegate.h; sourceTree = "<group>"; };
		BC84FA0F1B47B9FB00831D26 /* AppDelegate.m */ = {isa = PBXFileReference; lastKnownFileType = sourcecode.c.objc; path = AppDelegate.m; sourceTree = "<group>"; };
		BC84FA111B47B9FB00831D26 /* ViewController.h */ = {isa = PBXFileReference; lastKnownFileType = sourcecode.c.h; path = ViewController.h; sourceTree = "<group>"; };
		BC84FA121B47B9FB00831D26 /* ViewController.m */ = {isa = PBXFileReference; lastKnownFileType = sourcecode.c.objc; path = ViewController.m; sourceTree = "<group>"; };
		BC84FA151B47B9FB00831D26 /* Base */ = {isa = PBXFileReference; lastKnownFileType = file.storyboard; name = Base; path = Base.lproj/Main.storyboard; sourceTree = "<group>"; };
		BC84FA171B47B9FB00831D26 /* Images.xcassets */ = {isa = PBXFileReference; lastKnownFileType = folder.assetcatalog; path = Images.xcassets; sourceTree = "<group>"; };
		BC84FA1A1B47B9FB00831D26 /* Base */ = {isa = PBXFileReference; lastKnownFileType = file.xib; name = Base; path = Base.lproj/LaunchScreen.xib; sourceTree = "<group>"; };
		BC84FA201B47B9FC00831D26 /* UIViewContrllerTests.xctest */ = {isa = PBXFileReference; explicitFileType = wrapper.cfbundle; includeInIndex = 0; path = UIViewContrllerTests.xctest; sourceTree = BUILT_PRODUCTS_DIR; };
		BC84FA251B47B9FD00831D26 /* Info.plist */ = {isa = PBXFileReference; lastKnownFileType = text.plist.xml; path = Info.plist; sourceTree = "<group>"; };
		BC84FA261B47B9FD00831D26 /* UIViewContrllerTests.m */ = {isa = PBXFileReference; lastKnownFileType = sourcecode.c.objc; path = UIViewContrllerTests.m; sourceTree = "<group>"; };
/* End PBXFileReference section */

/* Begin PBXFrameworksBuildPhase section */
		BC84FA041B47B9FA00831D26 /* Frameworks */ = {
			isa = PBXFrameworksBuildPhase;
			buildActionMask = 2147483647;
			files = (
			);
			runOnlyForDeploymentPostprocessing = 0;
		};
		BC84FA1D1B47B9FC00831D26 /* Frameworks */ = {
			isa = PBXFrameworksBuildPhase;
			buildActionMask = 2147483647;
			files = (
			);
			runOnlyForDeploymentPostprocessing = 0;
		};
/* End PBXFrameworksBuildPhase section */

/* Begin PBXGroup section */
		BC84F9FE1B47B9FA00831D26 = {
			isa = PBXGroup;
			children = (
				BC84FA091B47B9FA00831D26 /* UIViewContrller */,
				BC84FA231B47B9FC00831D26 /* UIViewContrllerTests */,
				BC84FA081B47B9FA00831D26 /* Products */,
			);
			sourceTree = "<group>";
		};
		BC84FA081B47B9FA00831D26 /* Products */ = {
			isa = PBXGroup;
			children = (
				BC84FA071B47B9FA00831D26 /* UIViewContrller.app */,
				BC84FA201B47B9FC00831D26 /* UIViewContrllerTests.xctest */,
			);
			name = Products;
			sourceTree = "<group>";
		};
		BC84FA091B47B9FA00831D26 /* UIViewContrller */ = {
			isa = PBXGroup;
			children = (
				BC84FA0E1B47B9FA00831D26 /* AppDelegate.h */,
				BC84FA0F1B47B9FB00831D26 /* AppDelegate.m */,
				BC84FA111B47B9FB00831D26 /* ViewController.h */,
				BC84FA121B47B9FB00831D26 /* ViewController.m */,
				BC84FA141B47B9FB00831D26 /* Main.storyboard */,
				BC84FA171B47B9FB00831D26 /* Images.xcassets */,
				BC84FA191B47B9FB00831D26 /* LaunchScreen.xib */,
				BC84FA0A1B47B9FA00831D26 /* Supporting Files */,
			);
			path = UIViewContrller;
			sourceTree = "<group>";
		};
		BC84FA0A1B47B9FA00831D26 /* Supporting Files */ = {
			isa = PBXGroup;
			children = (
				BC84FA0B1B47B9FA00831D26 /* Info.plist */,
				BC84FA0C1B47B9FA00831D26 /* main.m */,
			);
			name = "Supporting Files";
			sourceTree = "<group>";
		};
		BC84FA231B47B9FC00831D26 /* UIViewContrllerTests */ = {
			isa = PBXGroup;
			children = (
				BC84FA261B47B9FD00831D26 /* UIViewContrllerTests.m */,
				BC84FA241B47B9FD00831D26 /* Supporting Files */,
			);
			path = UIViewContrllerTests;
			sourceTree = "<group>";
		};
		BC84FA241B47B9FD00831D26 /* Supporting Files */ = {
			isa = PBXGroup;
			children = (
				BC84FA251B47B9FD00831D26 /* Info.plist */,
			);
			name = "Supporting Files";
			sourceTree = "<group>";
		};
/* End PBXGroup section */

/* Begin PBXNativeTarget section */
		BC84FA061B47B9FA00831D26 /* UIViewContrller */ = {
			isa = PBXNativeTarget;
			buildConfigurationList = BC84FA2A1B47B9FD00831D26 /* Build configuration list for PBXNativeTarget "UIViewContrller" */;
			buildPhases = (
				BC84FA031B47B9FA00831D26 /* Sources */,
				BC84FA041B47B9FA00831D26 /* Frameworks */,
				BC84FA051B47B9FA00831D26 /* Resources */,
			);
			buildRules = (
			);
			dependencies = (
			);
			name = UIViewContrller;
			productName = UIViewContrller;
			productReference = BC84FA071B47B9FA00831D26 /* UIViewContrller.app */;
			productType = "com.apple.product-type.application";
		};
		BC84FA1F1B47B9FC00831D26 /* UIViewContrllerTests */ = {
			isa = PBXNativeTarget;
			buildConfigurationList = BC84FA2D1B47B9FD00831D26 /* Build configuration list for PBXNativeTarget "UIViewContrllerTests" */;
			buildPhases = (
				BC84FA1C1B47B9FC00831D26 /* Sources */,
				BC84FA1D1B47B9FC00831D26 /* Frameworks */,
				BC84FA1E1B47B9FC00831D26 /* Resources */,
			);
			buildRules = (
			);
			dependencies = (
				BC84FA221B47B9FC00831D26 /* PBXTargetDependency */,
			);
			name = UIViewContrllerTests;
			productName = UIViewContrllerTests;
			productReference = BC84FA201B47B9FC00831D26 /* UIViewContrllerTests.xctest */;
			productType = "com.apple.product-type.bundle.unit-test";
		};
/* End PBXNativeTarget section */

/* Begin PBXProject section */
		BC84F9FF1B47B9FA00831D26 /* Project object */ = {
			isa = PBXProject;
			attributes = {
				LastUpgradeCheck = 0610;
				ORGANIZATIONNAME = qianfeng;
				TargetAttributes = {
					BC84FA061B47B9FA00831D26 = {
						CreatedOnToolsVersion = 6.1;
					};
					BC84FA1F1B47B9FC00831D26 = {
						CreatedOnToolsVersion = 6.1;
						TestTargetID = BC84FA061B47B9FA00831D26;
					};
				};
			};
			buildConfigurationList = BC84FA021B47B9FA00831D26 /* Build configuration list for PBXProject "UIViewContrller" */;
			compatibilityVersion = "Xcode 3.2";
			developmentRegion = English;
			hasScannedForEncodings = 0;
			knownRegions = (
				en,
				Base,
			);
			mainGroup = BC84F9FE1B47B9FA00831D26;
			productRefGroup = BC84FA081B47B9FA00831D26 /* Products */;
			projectDirPath = "";
			projectRoot = "";
			targets = (
				BC84FA061B47B9FA00831D26 /* UIViewContrller */,
				BC84FA1F1B47B9FC00831D26 /* UIViewContrllerTests */,
			);
		};
/* End PBXProject section */

/* Begin PBXResourcesBuildPhase section */
		BC84FA051B47B9FA00831D26 /* Resources */ = {
			isa = PBXResourcesBuildPhase;
			buildActionMask = 2147483647;
			files = (
				BC84FA161B47B9FB00831D26 /* Main.storyboard in Resources */,
				BC84FA1B1B47B9FB00831D26 /* LaunchScreen.xib in Resources */,
				BC84FA181B47B9FB00831D26 /* Images.xcassets in Resources */,
			);
			runOnlyForDeploymentPostprocessing = 0;
		};
		BC84FA1E1B47B9FC00831D26 /* Resources */ = {
			isa = PBXResourcesBuildPhase;
			buildActionMask = 2147483647;
			files = (
			);
			runOnlyForDeploymentPostprocessing = 0;
		};
/* End PBXResourcesBuildPhase section */

/* Begin PBXSourcesBuildPhase section */
		BC84FA031B47B9FA00831D26 /* Sources */ = {
			isa = PBXSourcesBuildPhase;
			buildActionMask = 2147483647;
			files = (
				BC84FA131B47B9FB00831D26 /* ViewController.m in Sources */,
				BC84FA101B47B9FB00831D26 /* AppDelegate.m in Sources */,
				BC84FA0D1B47B9FA00831D26 /* main.m in Sources */,
			);
			runOnlyForDeploymentPostprocessing = 0;
		};
		BC84FA1C1B47B9FC00831D26 /* Sources */ = {
			isa = PBXSourcesBuildPhase;
			buildActionMask = 2147483647;
			files = (
				BC84FA271B47B9FD00831D26 /* UIViewContrllerTests.m in Sources */,
			);
			runOnlyForDeploymentPostprocessing = 0;
		};
/* End PBXSourcesBuildPhase section */

/* Begin PBXTargetDependency section */
		BC84FA221B47B9FC00831D26 /* PBXTargetDependency */ = {
			isa = PBXTargetDependency;
			target = BC84FA061B47B9FA00831D26 /* UIViewContrller */;
			targetProxy = BC84FA211B47B9FC00831D26 /* PBXContainerItemProxy */;
		};
/* End PBXTargetDependency section */

/* Begin PBXVariantGroup section */
		BC84FA141B47B9FB00831D26 /* Main.storyboard */ = {
			isa = PBXVariantGroup;
			children = (
				BC84FA151B47B9FB00831D26 /* Base */,
			);
			name = Main.storyboard;
			sourceTree = "<group>";
		};
		BC84FA191B47B9FB00831D26 /* LaunchScreen.xib */ = {
			isa = PBXVariantGroup;
			children = (
				BC84FA1A1B47B9FB00831D26 /* Base */,
			);
			name = LaunchScreen.xib;
			sourceTree = "<group>";
		};
/* End PBXVariantGroup section */

/* Begin XCBuildConfiguration section */
		BC84FA281B47B9FD00831D26 /* Debug */ = {
			isa = XCBuildConfiguration;
			buildSettings = {
				ALWAYS_SEARCH_USER_PATHS = NO;
				CLANG_CXX_LANGUAGE_STANDARD = "gnu++0x";
				CLANG_CXX_LIBRARY = "libc++";
				CLANG_ENABLE_MODULES = YES;
				CLANG_ENABLE_OBJC_ARC = YES;
				CLANG_WARN_BOOL_CONVERSION = YES;
				CLANG_WARN_CONSTANT_CONVERSION = YES;
				CLANG_WARN_DIRECT_OBJC_ISA_USAGE = YES_ERROR;
				CLANG_WARN_EMPTY_BODY = YES;
				CLANG_WARN_ENUM_CONVERSION = YES;
				CLANG_WARN_INT_CONVERSION = YES;
				CLANG_WARN_OBJC_ROOT_CLASS = YES_ERROR;
				CLANG_WARN_UNREACHABLE_CODE = YES;
				CLANG_WARN__DUPLICATE_METHOD_MATCH = YES;
				"CODE_SIGN_IDENTITY[sdk=iphoneos*]" = "iPhone Developer";
				COPY_PHASE_STRIP = NO;
				ENABLE_STRICT_OBJC_MSGSEND = YES;
				GCC_C_LANGUAGE_STANDARD = gnu99;
				GCC_DYNAMIC_NO_PIC = NO;
				GCC_OPTIMIZATION_LEVEL = 0;
				GCC_PREPROCESSOR_DEFINITIONS = (
					"DEBUG=1",
					"$(inherited)",
				);
				GCC_SYMBOLS_PRIVATE_EXTERN = NO;
				GCC_WARN_64_TO_32_BIT_CONVERSION = YES;
				GCC_WARN_ABOUT_RETURN_TYPE = YES_ERROR;
				GCC_WARN_UNDECLARED_SELECTOR = YES;
				GCC_WARN_UNINITIALIZED_AUTOS = YES_AGGRESSIVE;
				GCC_WARN_UNUSED_FUNCTION = YES;
				GCC_WARN_UNUSED_VARIABLE = YES;
				IPHONEOS_DEPLOYMENT_TARGET = 8.1;
				MTL_ENABLE_DEBUG_INFO = YES;
				ONLY_ACTIVE_ARCH = YES;
				SDKROOT = iphoneos;
			};
			name = Debug;
		};
		BC84FA291B47B9FD00831D26 /* Release */ = {
			isa = XCBuildConfiguration;
			buildSettings = {
				ALWAYS_SEARCH_USER_PATHS = NO;
				CLANG_CXX_LANGUAGE_STANDARD = "gnu++0x";
				CLANG_CXX_LIBRARY = "libc++";
				CLANG_ENABLE_MODULES = YES;
				CLANG_ENABLE_OBJC_ARC = YES;
				CLANG_WARN_BOOL_CONVERSION = YES;
				CLANG_WARN_CONSTANT_CONVERSION = YES;
				CLANG_WARN_DIRECT_OBJC_ISA_USAGE = YES_ERROR;
				CLANG_WARN_EMPTY_BODY = YES;
				CLANG_WARN_ENUM_CONVERSION = YES;
				CLANG_WARN_INT_CONVERSION = YES;
				CLANG_WARN_OBJC_ROOT_CLASS = YES_ERROR;
				CLANG_WARN_UNREACHABLE_CODE = YES;
				CLANG_WARN__DUPLICATE_METHOD_MATCH = YES;
				"CODE_SIGN_IDENTITY[sdk=iphoneos*]" = "iPhone Developer";
				COPY_PHASE_STRIP = YES;
				ENABLE_NS_ASSERTIONS = NO;
				ENABLE_STRICT_OBJC_MSGSEND = YES;
				GCC_C_LANGUAGE_STANDARD = gnu99;
				GCC_WARN_64_TO_32_BIT_CONVERSION = YES;
				GCC_WARN_ABOUT_RETURN_TYPE = YES_ERROR;
				GCC_WARN_UNDECLARED_SELECTOR = YES;
				GCC_WARN_UNINITIALIZED_AUTOS = YES_AGGRESSIVE;
				GCC_WARN_UNUSED_FUNCTION = YES;
				GCC_WARN_UNUSED_VARIABLE = YES;
				IPHONEOS_DEPLOYMENT_TARGET = 8.1;
				MTL_ENABLE_DEBUG_INFO = NO;
				SDKROOT = iphoneos;
				VALIDATE_PRODUCT = YES;
			};
			name = Release;
		};
		BC84FA2B1B47B9FD00831D26 /* Debug */ = {
			isa = XCBuildConfiguration;
			buildSettings = {
				ASSETCATALOG_COMPILER_APPICON_NAME = AppIcon;
				INFOPLIST_FILE = UIViewContrller/Info.plist;
				LD_RUNPATH_SEARCH_PATHS = "$(inherited) @executable_path/Frameworks";
				PRODUCT_NAME = "$(TARGET_NAME)";
			};
			name = Debug;
		};
		BC84FA2C1B47B9FD00831D26 /* Release */ = {
			isa = XCBuildConfiguration;
			buildSettings = {
				ASSETCATALOG_COMPILER_APPICON_NAME = AppIcon;
				INFOPLIST_FILE = UIViewContrller/Info.plist;
				LD_RUNPATH_SEARCH_PATHS = "$(inherited) @executable_path/Frameworks";
				PRODUCT_NAME = "$(TARGET_NAME)";
			};
			name = Release;
		};
		BC84FA2E1B47B9FD00831D26 /* Debug */ = {
			isa = XCBuildConfiguration;
			buildSettings = {
				BUNDLE_LOADER = "$(TEST_HOST)";
				FRAMEWORK_SEARCH_PATHS = (
					"$(SDKROOT)/Developer/Library/Frameworks",
					"$(inherited)",
				);
				GCC_PREPROCESSOR_DEFINITIONS = (
					"DEBUG=1",
					"$(inherited)",
				);
				INFOPLIST_FILE = UIViewContrllerTests/Info.plist;
				LD_RUNPATH_SEARCH_PATHS = "$(inherited) @executable_path/Frameworks @loader_path/Frameworks";
				PRODUCT_NAME = "$(TARGET_NAME)";
				TEST_HOST = "$(BUILT_PRODUCTS_DIR)/UIViewContrller.app/UIViewContrller";
			};
			name = Debug;
		};
		BC84FA2F1B47B9FD00831D26 /* Release */ = {
			isa = XCBuildConfiguration;
			buildSettings = {
				BUNDLE_LOADER = "$(TEST_HOST)";
				FRAMEWORK_SEARCH_PATHS = (
					"$(SDKROOT)/Developer/Library/Frameworks",
					"$(inherited)",
				);
				INFOPLIST_FILE = UIViewContrllerTests/Info.plist;
				LD_RUNPATH_SEARCH_PATHS = "$(inherited) @executable_path/Frameworks @loader_path/Frameworks";
				PRODUCT_NAME = "$(TARGET_NAME)";
				TEST_HOST = "$(BUILT_PRODUCTS_DIR)/UIViewContrller.app/UIViewContrller";
			};
			name = Release;
		};
/* End XCBuildConfiguration section */

/* Begin XCConfigurationList section */
		BC84FA021B47B9FA00831D26 /* Build configuration list for PBXProject "UIViewContrller" */ = {
			isa = XCConfigurationList;
			buildConfigurations = (
				BC84FA281B47B9FD00831D26 /* Debug */,
				BC84FA291B47B9FD00831D26 /* Release */,
			);
			defaultConfigurationIsVisible = 0;
			defaultConfigurationName = Release;
		};
		BC84FA2A1B47B9FD00831D26 /* Build configuration list for PBXNativeTarget "UIViewContrller" */ = {
			isa = XCConfigurationList;
			buildConfigurations = (
				BC84FA2B1B47B9FD00831D26 /* Debug */,
				BC84FA2C1B47B9FD00831D26 /* Release */,
			);
			defaultConfigurationIsVisible = 0;
		};
		BC84FA2D1B47B9FD00831D26 /* Build configuration list for PBXNativeTarget "UIViewContrllerTests" */ = {
			isa = XCConfigurationList;
			buildConfigurations = (
				BC84FA2E1B47B9FD00831D26 /* Debug */,
				BC84FA2F1B47B9FD00831D26 /* Release */,
			);
			defaultConfigurationIsVisible = 0;
		};
/* End XCConfigurationList section */
	};
	rootObject = BC84F9FF1B47B9FA00831D26 /* Project object */;
}
